
Microsoft Visual Studio Solution File, Format Version 12.00
# Visual Studio 14
VisualStudioVersion = 14.0.25420.1
MinimumVisualStudioVersion = 10.0.40219.1
Project("{2150E333-8FDC-42A3-9474-1A3956D46DE8}") = "src", "src", "{2B0F5D3B-3174-40FA-A777-1F7AC187C0FC}"
EndProject
Project("{2150E333-8FDC-42A3-9474-1A3956D46DE8}") = "Solution Items", "Solution Items", "{259ED2B0-6E2C-4DE1-B12B-FC729A0116CF}"
	ProjectSection(SolutionItems) = preProject
		global.json = global.json
	EndProjectSection
EndProject
Project("{8BB2217D-0F2D-49D1-97BC-3654ED321F3B}") = "TimeLine", "src\TimeLine\TimeLine.xproj", "{3DFED172-CE26-4B71-81D6-F5D2A0FB258B}"
EndProject
Global
	GlobalSection(SolutionConfigurationPlatforms) = preSolution
		Debug|Any CPU = Debug|Any CPU
		Release|Any CPU = Release|Any CPU
	EndGlobalSection
	GlobalSection(ProjectConfigurationPlatforms) = postSolution
		{3DFED172-CE26-4B71-81D6-F5D2A0FB258B}.Debug|Any CPU.ActiveCfg = Debug|Any CPU
		{3DFED172-CE26-4B71-81D6-F5D2A0FB258B}.Debug|Any CPU.Build.0 = Debug|Any CPU
		{3DFED172-CE26-4B71-81D6-F5D2A0FB258B}.Release|Any CPU.ActiveCfg = Release|Any CPU
		{3DFED172-CE26-4B71-81D6-F5D2A0FB258B}.Release|Any CPU.Build.0 = Release|Any CPU
	EndGlobalSection
	GlobalSection(SolutionProperties) = preSolution
		HideSolutionNode = FALSE
	EndGlobalSection
	GlobalSection(NestedProjects) = preSolution
		{3DFED172-CE26-4B71-81D6-F5D2A0FB258B} = {2B0F5D3B-3174-40FA-A777-1F7AC187C0FC}
	EndGlobalSection
EndGlobal
